// !$*UTF8*$!
{
	archiveVersion = 1;
	classes = {
	};
	objectVersion = 46;
	objects = {

/* Begin PBXBuildFile section */
		70C7834F430747419A702B54 /* libPods.a in Frameworks */ = {isa = PBXBuildFile; fileRef = 4D55148FE9BC4CE18B300958 /* libPods.a */; };
		8B51D91B178EC0E400264F1D /* NSString+Color.m in Sources */ = {isa = PBXBuildFile; fileRef = 8B51D918178EC0E400264F1D /* NSString+Color.m */; };
		8B51D91C178EC0E400264F1D /* UIColor+HexHTML.m in Sources */ = {isa = PBXBuildFile; fileRef = 8B51D91A178EC0E400264F1D /* UIColor+HexHTML.m */; };
		8B80776A17916F9700399043 /* EBPlaybackScrubControl.m in Sources */ = {isa = PBXBuildFile; fileRef = 8B80776917916F9700399043 /* EBPlaybackScrubControl.m */; };
		8B80776D179186D300399043 /* EBDebugViewController.m in Sources */ = {isa = PBXBuildFile; fileRef = 8B80776C179186D300399043 /* EBDebugViewController.m */; };
		8B80818E1782CA02008C1BA9 /* EBPlaylistOptionsCell.m in Sources */ = {isa = PBXBuildFile; fileRef = 8B80818D1782CA02008C1BA9 /* EBPlaylistOptionsCell.m */; };
		8B8081911782CA0F008C1BA9 /* EBRadioCell.m in Sources */ = {isa = PBXBuildFile; fileRef = 8B8081901782CA0F008C1BA9 /* EBRadioCell.m */; };
		8B8081941782CA4A008C1BA9 /* EBRoundProgressView.m in Sources */ = {isa = PBXBuildFile; fileRef = 8B8081931782CA4A008C1BA9 /* EBRoundProgressView.m */; };
		8B8081971782CB8A008C1BA9 /* EBShadowedTextField.m in Sources */ = {isa = PBXBuildFile; fileRef = 8B8081961782CB8A008C1BA9 /* EBShadowedTextField.m */; };
		8B80819A1782CBB8008C1BA9 /* EBTrackCell.m in Sources */ = {isa = PBXBuildFile; fileRef = 8B8081991782CBB8008C1BA9 /* EBTrackCell.m */; };
		8B80819F1782CC3C008C1BA9 /* UISearchBar+TextField.m in Sources */ = {isa = PBXBuildFile; fileRef = 8B80819E1782CC3C008C1BA9 /* UISearchBar+TextField.m */; };
		8B8081A21782D0FF008C1BA9 /* EBUserCell.m in Sources */ = {isa = PBXBuildFile; fileRef = 8B8081A11782D0FF008C1BA9 /* EBUserCell.m */; };
		8B8081A51782D1C6008C1BA9 /* EBFeaturedViewController.m in Sources */ = {isa = PBXBuildFile; fileRef = 8B8081A41782D1C6008C1BA9 /* EBFeaturedViewController.m */; };
		8B8081A81782D1D8008C1BA9 /* EBLaunchViewController.m in Sources */ = {isa = PBXBuildFile; fileRef = 8B8081A71782D1D8008C1BA9 /* EBLaunchViewController.m */; };
		8B8081AB1782D1F5008C1BA9 /* EBMainTabBarController.m in Sources */ = {isa = PBXBuildFile; fileRef = 8B8081AA1782D1F5008C1BA9 /* EBMainTabBarController.m */; };
		8B8081AE1782D20C008C1BA9 /* EBNavigationController.m in Sources */ = {isa = PBXBuildFile; fileRef = 8B8081AD1782D20C008C1BA9 /* EBNavigationController.m */; };
		8B8081B11782D21D008C1BA9 /* EBPlayerViewController.m in Sources */ = {isa = PBXBuildFile; fileRef = 8B8081B01782D21D008C1BA9 /* EBPlayerViewController.m */; };
		8B8081B41782D230008C1BA9 /* EBPlaylistViewController.m in Sources */ = {isa = PBXBuildFile; fileRef = 8B8081B31782D230008C1BA9 /* EBPlaylistViewController.m */; };
		8B8081B71782D23C008C1BA9 /* EBRadioListViewController.m in Sources */ = {isa = PBXBuildFile; fileRef = 8B8081B61782D23C008C1BA9 /* EBRadioListViewController.m */; };
		8B8081BA1782D24D008C1BA9 /* EBResourcesController.m in Sources */ = {isa = PBXBuildFile; fileRef = 8B8081B91782D24D008C1BA9 /* EBResourcesController.m */; };
		8B8081BD1782D267008C1BA9 /* EBSearchViewController.m in Sources */ = {isa = PBXBuildFile; fileRef = 8B8081BC1782D267008C1BA9 /* EBSearchViewController.m */; };
		8B8081C01782D27C008C1BA9 /* EBTracksViewController.m in Sources */ = {isa = PBXBuildFile; fileRef = 8B8081BF1782D27C008C1BA9 /* EBTracksViewController.m */; };
		8B8081C21782D2E9008C1BA9 /* CoreData.framework in Frameworks */ = {isa = PBXBuildFile; fileRef = 8B8081C11782D2E9008C1BA9 /* CoreData.framework */; };
		8B8081C51782D3FE008C1BA9 /* albumart in Resources */ = {isa = PBXBuildFile; fileRef = 8B8081C41782D3FE008C1BA9 /* albumart */; };
		8B8081C71782D4E0008C1BA9 /* EBTabBarView.xib in Resources */ = {isa = PBXBuildFile; fileRef = 8B8081C61782D4E0008C1BA9 /* EBTabBarView.xib */; };
		8B8081CA1782D522008C1BA9 /* TrackCell.xib in Resources */ = {isa = PBXBuildFile; fileRef = 8B8081C81782D522008C1BA9 /* TrackCell.xib */; };
		8B8081CB1782D522008C1BA9 /* UserCell.xib in Resources */ = {isa = PBXBuildFile; fileRef = 8B8081C91782D522008C1BA9 /* UserCell.xib */; };
		8B8081CE1782D57C008C1BA9 /* EBAPI.m in Sources */ = {isa = PBXBuildFile; fileRef = 8B8081CD1782D57C008C1BA9 /* EBAPI.m */; };
		8B8081D01782D5CF008C1BA9 /* AVFoundation.framework in Frameworks */ = {isa = PBXBuildFile; fileRef = 8B8081CF1782D5CF008C1BA9 /* AVFoundation.framework */; };
		8B8081D31782DACD008C1BA9 /* EBPlaylistsViewController.m in Sources */ = {isa = PBXBuildFile; fileRef = 8B8081D21782DACD008C1BA9 /* EBPlaylistsViewController.m */; };
		8B8081D61782DC08008C1BA9 /* EqBeats.xcdatamodeld in Sources */ = {isa = PBXBuildFile; fileRef = 8B8081D41782DC08008C1BA9 /* EqBeats.xcdatamodeld */; };
		8B8081E81782E39C008C1BA9 /* EBImageView.m in Sources */ = {isa = PBXBuildFile; fileRef = 8B8081E71782E39C008C1BA9 /* EBImageView.m */; };
		8B8081EC1787DF35008C1BA9 /* EBModel.m in Sources */ = {isa = PBXBuildFile; fileRef = 8B8081EB1787DF35008C1BA9 /* EBModel.m */; };
		8B8081EF1787F07F008C1BA9 /* EBDownload.m in Sources */ = {isa = PBXBuildFile; fileRef = 8B8081EE1787F07F008C1BA9 /* EBDownload.m */; };
		8B8081F21787F0E0008C1BA9 /* EBTrack.m in Sources */ = {isa = PBXBuildFile; fileRef = 8B8081F11787F0E0008C1BA9 /* EBTrack.m */; };
		8BD45CC3178ED56A00723431 /* EBMappableObject.m in Sources */ = {isa = PBXBuildFile; fileRef = 8BD45CC2178ED56A00723431 /* EBMappableObject.m */; };
		8BD45CC5179021A000723431 /* SystemConfiguration.framework in Frameworks */ = {isa = PBXBuildFile; fileRef = 8BD45CC4179021A000723431 /* SystemConfiguration.framework */; };
		8BD45CC7179021A600723431 /* MobileCoreServices.framework in Frameworks */ = {isa = PBXBuildFile; fileRef = 8BD45CC6179021A600723431 /* MobileCoreServices.framework */; };
		8BD45CCA1790277A00723431 /* EBVerticalExpandingLabel.m in Sources */ = {isa = PBXBuildFile; fileRef = 8BD45CC91790277A00723431 /* EBVerticalExpandingLabel.m */; };
		8BDB76BE17819B6700DC380B /* Foundation.framework in Frameworks */ = {isa = PBXBuildFile; fileRef = 8BDB76BD17819B6700DC380B /* Foundation.framework */; };
		8BDB76C017819B6700DC380B /* CoreGraphics.framework in Frameworks */ = {isa = PBXBuildFile; fileRef = 8BDB76BF17819B6700DC380B /* CoreGraphics.framework */; };
		8BDB76C217819B6700DC380B /* UIKit.framework in Frameworks */ = {isa = PBXBuildFile; fileRef = 8BDB76C117819B6700DC380B /* UIKit.framework */; };
		8BDB76D017819B6700DC380B /* Images.xcassets in Resources */ = {isa = PBXBuildFile; fileRef = 8BDB76CF17819B6700DC380B /* Images.xcassets */; };
		8BDB76D717819B6700DC380B /* XCTest.framework in Frameworks */ = {isa = PBXBuildFile; fileRef = 8BDB76D617819B6700DC380B /* XCTest.framework */; };
		8BDB76D817819B6700DC380B /* Foundation.framework in Frameworks */ = {isa = PBXBuildFile; fileRef = 8BDB76BD17819B6700DC380B /* Foundation.framework */; };
		8BDB76D917819B6700DC380B /* UIKit.framework in Frameworks */ = {isa = PBXBuildFile; fileRef = 8BDB76C117819B6700DC380B /* UIKit.framework */; };
		8BDB76E117819B6700DC380B /* InfoPlist.strings in Resources */ = {isa = PBXBuildFile; fileRef = 8BDB76DF17819B6700DC380B /* InfoPlist.strings */; };
		8BDB76E317819B6700DC380B /* EqBeatsTests.m in Sources */ = {isa = PBXBuildFile; fileRef = 8BDB76E217819B6700DC380B /* EqBeatsTests.m */; };
		8BDB76F817819D9100DC380B /* EBAppDelegate.m in Sources */ = {isa = PBXBuildFile; fileRef = 8BDB76F017819D9100DC380B /* EBAppDelegate.m */; };
		8BDB76F917819D9100DC380B /* InfoPlist.strings in Resources */ = {isa = PBXBuildFile; fileRef = 8BDB76F417819D9100DC380B /* InfoPlist.strings */; };
		8BDB76FF17819E7E00DC380B /* MainStoryboard.storyboard in Resources */ = {isa = PBXBuildFile; fileRef = 8BDB76FD17819E7E00DC380B /* MainStoryboard.storyboard */; };
		8BDB770217819F5700DC380B /* main.m in Sources */ = {isa = PBXBuildFile; fileRef = 8BDB770117819F5700DC380B /* main.m */; };
		8BDB77051781A18900DC380B /* EBAudioController.m in Sources */ = {isa = PBXBuildFile; fileRef = 8BDB77041781A18900DC380B /* EBAudioController.m */; };
		8BDB77081781A1A400DC380B /* EBModelObject.m in Sources */ = {isa = PBXBuildFile; fileRef = 8BDB77071781A1A400DC380B /* EBModelObject.m */; };
		8BDB770B1781A1B800DC380B /* EBPlaylist.m in Sources */ = {isa = PBXBuildFile; fileRef = 8BDB770A1781A1B800DC380B /* EBPlaylist.m */; };
		8BDB770E1781A1CD00DC380B /* EBRadioStation.m in Sources */ = {isa = PBXBuildFile; fileRef = 8BDB770D1781A1CD00DC380B /* EBRadioStation.m */; };
		8BDB77141781A1EC00DC380B /* EBUser.m in Sources */ = {isa = PBXBuildFile; fileRef = 8BDB77131781A1EC00DC380B /* EBUser.m */; };
		8BDB77171781A20B00DC380B /* EBTabBarView.m in Sources */ = {isa = PBXBuildFile; fileRef = 8BDB77161781A20B00DC380B /* EBTabBarView.m */; };
		8BDB771A1781A21400DC380B /* EBWindow.m in Sources */ = {isa = PBXBuildFile; fileRef = 8BDB77191781A21400DC380B /* EBWindow.m */; };
		8BDB771D1781A22500DC380B /* EBLaunchBackgroundView.m in Sources */ = {isa = PBXBuildFile; fileRef = 8BDB771C1781A22500DC380B /* EBLaunchBackgroundView.m */; };
/* End PBXBuildFile section */

/* Begin PBXContainerItemProxy section */
		8BDB76DA17819B6700DC380B /* PBXContainerItemProxy */ = {
			isa = PBXContainerItemProxy;
			containerPortal = 8BDB76B217819B6700DC380B /* Project object */;
			proxyType = 1;
			remoteGlobalIDString = 8BDB76B917819B6700DC380B;
			remoteInfo = EqBeats;
		};
/* End PBXContainerItemProxy section */

/* Begin PBXFileReference section */
		4D55148FE9BC4CE18B300958 /* libPods.a */ = {isa = PBXFileReference; explicitFileType = archive.ar; includeInIndex = 0; path = libPods.a; sourceTree = BUILT_PRODUCTS_DIR; };
		8B51D917178EC0E400264F1D /* NSString+Color.h */ = {isa = PBXFileReference; fileEncoding = 4; lastKnownFileType = sourcecode.c.h; path = "NSString+Color.h"; sourceTree = "<group>"; };
		8B51D918178EC0E400264F1D /* NSString+Color.m */ = {isa = PBXFileReference; fileEncoding = 4; lastKnownFileType = sourcecode.c.objc; path = "NSString+Color.m"; sourceTree = "<group>"; };
		8B51D919178EC0E400264F1D /* UIColor+HexHTML.h */ = {isa = PBXFileReference; fileEncoding = 4; lastKnownFileType = sourcecode.c.h; path = "UIColor+HexHTML.h"; sourceTree = "<group>"; };
		8B51D91A178EC0E400264F1D /* UIColor+HexHTML.m */ = {isa = PBXFileReference; fileEncoding = 4; lastKnownFileType = sourcecode.c.objc; path = "UIColor+HexHTML.m"; sourceTree = "<group>"; };
		8B51D91D178EC46100264F1D /* EqBeatsCategories.h */ = {isa = PBXFileReference; fileEncoding = 4; lastKnownFileType = sourcecode.c.h; path = EqBeatsCategories.h; sourceTree = "<group>"; };
		8B80776817916F9700399043 /* EBPlaybackScrubControl.h */ = {isa = PBXFileReference; fileEncoding = 4; lastKnownFileType = sourcecode.c.h; path = EBPlaybackScrubControl.h; sourceTree = "<group>"; };
		8B80776917916F9700399043 /* EBPlaybackScrubControl.m */ = {isa = PBXFileReference; fileEncoding = 4; lastKnownFileType = sourcecode.c.objc; path = EBPlaybackScrubControl.m; sourceTree = "<group>"; };
		8B80776B179186D300399043 /* EBDebugViewController.h */ = {isa = PBXFileReference; fileEncoding = 4; lastKnownFileType = sourcecode.c.h; path = EBDebugViewController.h; sourceTree = "<group>"; };
		8B80776C179186D300399043 /* EBDebugViewController.m */ = {isa = PBXFileReference; fileEncoding = 4; lastKnownFileType = sourcecode.c.objc; path = EBDebugViewController.m; sourceTree = "<group>"; };
		8B80818C1782CA02008C1BA9 /* EBPlaylistOptionsCell.h */ = {isa = PBXFileReference; fileEncoding = 4; lastKnownFileType = sourcecode.c.h; path = EBPlaylistOptionsCell.h; sourceTree = "<group>"; };
		8B80818D1782CA02008C1BA9 /* EBPlaylistOptionsCell.m */ = {isa = PBXFileReference; fileEncoding = 4; lastKnownFileType = sourcecode.c.objc; path = EBPlaylistOptionsCell.m; sourceTree = "<group>"; };
		8B80818F1782CA0F008C1BA9 /* EBRadioCell.h */ = {isa = PBXFileReference; fileEncoding = 4; lastKnownFileType = sourcecode.c.h; path = EBRadioCell.h; sourceTree = "<group>"; };
		8B8081901782CA0F008C1BA9 /* EBRadioCell.m */ = {isa = PBXFileReference; fileEncoding = 4; lastKnownFileType = sourcecode.c.objc; path = EBRadioCell.m; sourceTree = "<group>"; };
		8B8081921782CA4A008C1BA9 /* EBRoundProgressView.h */ = {isa = PBXFileReference; fileEncoding = 4; lastKnownFileType = sourcecode.c.h; path = EBRoundProgressView.h; sourceTree = "<group>"; };
		8B8081931782CA4A008C1BA9 /* EBRoundProgressView.m */ = {isa = PBXFileReference; fileEncoding = 4; lastKnownFileType = sourcecode.c.objc; path = EBRoundProgressView.m; sourceTree = "<group>"; };
		8B8081951782CB8A008C1BA9 /* EBShadowedTextField.h */ = {isa = PBXFileReference; fileEncoding = 4; lastKnownFileType = sourcecode.c.h; path = EBShadowedTextField.h; sourceTree = "<group>"; };
		8B8081961782CB8A008C1BA9 /* EBShadowedTextField.m */ = {isa = PBXFileReference; fileEncoding = 4; lastKnownFileType = sourcecode.c.objc; path = EBShadowedTextField.m; sourceTree = "<group>"; };
		8B8081981782CBB8008C1BA9 /* EBTrackCell.h */ = {isa = PBXFileReference; fileEncoding = 4; lastKnownFileType = sourcecode.c.h; path = EBTrackCell.h; sourceTree = "<group>"; };
		8B8081991782CBB8008C1BA9 /* EBTrackCell.m */ = {isa = PBXFileReference; fileEncoding = 4; lastKnownFileType = sourcecode.c.objc; path = EBTrackCell.m; sourceTree = "<group>"; };
		8B80819D1782CC3C008C1BA9 /* UISearchBar+TextField.h */ = {isa = PBXFileReference; fileEncoding = 4; lastKnownFileType = sourcecode.c.h; path = "UISearchBar+TextField.h"; sourceTree = "<group>"; };
		8B80819E1782CC3C008C1BA9 /* UISearchBar+TextField.m */ = {isa = PBXFileReference; fileEncoding = 4; lastKnownFileType = sourcecode.c.objc; path = "UISearchBar+TextField.m"; sourceTree = "<group>"; };
		8B8081A01782D0FF008C1BA9 /* EBUserCell.h */ = {isa = PBXFileReference; fileEncoding = 4; lastKnownFileType = sourcecode.c.h; path = EBUserCell.h; sourceTree = "<group>"; };
		8B8081A11782D0FF008C1BA9 /* EBUserCell.m */ = {isa = PBXFileReference; fileEncoding = 4; lastKnownFileType = sourcecode.c.objc; path = EBUserCell.m; sourceTree = "<group>"; };
		8B8081A31782D1C6008C1BA9 /* EBFeaturedViewController.h */ = {isa = PBXFileReference; fileEncoding = 4; lastKnownFileType = sourcecode.c.h; path = EBFeaturedViewController.h; sourceTree = "<group>"; };
		8B8081A41782D1C6008C1BA9 /* EBFeaturedViewController.m */ = {isa = PBXFileReference; fileEncoding = 4; lastKnownFileType = sourcecode.c.objc; path = EBFeaturedViewController.m; sourceTree = "<group>"; };
		8B8081A61782D1D8008C1BA9 /* EBLaunchViewController.h */ = {isa = PBXFileReference; fileEncoding = 4; lastKnownFileType = sourcecode.c.h; path = EBLaunchViewController.h; sourceTree = "<group>"; };
		8B8081A71782D1D8008C1BA9 /* EBLaunchViewController.m */ = {isa = PBXFileReference; fileEncoding = 4; lastKnownFileType = sourcecode.c.objc; path = EBLaunchViewController.m; sourceTree = "<group>"; };
		8B8081A91782D1F5008C1BA9 /* EBMainTabBarController.h */ = {isa = PBXFileReference; fileEncoding = 4; lastKnownFileType = sourcecode.c.h; path = EBMainTabBarController.h; sourceTree = "<group>"; };
		8B8081AA1782D1F5008C1BA9 /* EBMainTabBarController.m */ = {isa = PBXFileReference; fileEncoding = 4; lastKnownFileType = sourcecode.c.objc; path = EBMainTabBarController.m; sourceTree = "<group>"; };
		8B8081AC1782D20C008C1BA9 /* EBNavigationController.h */ = {isa = PBXFileReference; fileEncoding = 4; lastKnownFileType = sourcecode.c.h; path = EBNavigationController.h; sourceTree = "<group>"; };
		8B8081AD1782D20C008C1BA9 /* EBNavigationController.m */ = {isa = PBXFileReference; fileEncoding = 4; lastKnownFileType = sourcecode.c.objc; path = EBNavigationController.m; sourceTree = "<group>"; };
		8B8081AF1782D21D008C1BA9 /* EBPlayerViewController.h */ = {isa = PBXFileReference; fileEncoding = 4; lastKnownFileType = sourcecode.c.h; path = EBPlayerViewController.h; sourceTree = "<group>"; };
		8B8081B01782D21D008C1BA9 /* EBPlayerViewController.m */ = {isa = PBXFileReference; fileEncoding = 4; lastKnownFileType = sourcecode.c.objc; path = EBPlayerViewController.m; sourceTree = "<group>"; };
		8B8081B21782D230008C1BA9 /* EBPlaylistViewController.h */ = {isa = PBXFileReference; fileEncoding = 4; lastKnownFileType = sourcecode.c.h; path = EBPlaylistViewController.h; sourceTree = "<group>"; };
		8B8081B31782D230008C1BA9 /* EBPlaylistViewController.m */ = {isa = PBXFileReference; fileEncoding = 4; lastKnownFileType = sourcecode.c.objc; path = EBPlaylistViewController.m; sourceTree = "<group>"; };
		8B8081B51782D23C008C1BA9 /* EBRadioListViewController.h */ = {isa = PBXFileReference; fileEncoding = 4; lastKnownFileType = sourcecode.c.h; path = EBRadioListViewController.h; sourceTree = "<group>"; };
		8B8081B61782D23C008C1BA9 /* EBRadioListViewController.m */ = {isa = PBXFileReference; fileEncoding = 4; lastKnownFileType = sourcecode.c.objc; path = EBRadioListViewController.m; sourceTree = "<group>"; };
		8B8081B81782D24D008C1BA9 /* EBResourcesController.h */ = {isa = PBXFileReference; fileEncoding = 4; lastKnownFileType = sourcecode.c.h; path = EBResourcesController.h; sourceTree = "<group>"; };
		8B8081B91782D24D008C1BA9 /* EBResourcesController.m */ = {isa = PBXFileReference; fileEncoding = 4; lastKnownFileType = sourcecode.c.objc; path = EBResourcesController.m; sourceTree = "<group>"; };
		8B8081BB1782D267008C1BA9 /* EBSearchViewController.h */ = {isa = PBXFileReference; fileEncoding = 4; lastKnownFileType = sourcecode.c.h; path = EBSearchViewController.h; sourceTree = "<group>"; };
		8B8081BC1782D267008C1BA9 /* EBSearchViewController.m */ = {isa = PBXFileReference; fileEncoding = 4; lastKnownFileType = sourcecode.c.objc; path = EBSearchViewController.m; sourceTree = "<group>"; };
		8B8081BE1782D27C008C1BA9 /* EBTracksViewController.h */ = {isa = PBXFileReference; fileEncoding = 4; lastKnownFileType = sourcecode.c.h; path = EBTracksViewController.h; sourceTree = "<group>"; };
		8B8081BF1782D27C008C1BA9 /* EBTracksViewController.m */ = {isa = PBXFileReference; fileEncoding = 4; lastKnownFileType = sourcecode.c.objc; path = EBTracksViewController.m; sourceTree = "<group>"; };
		8B8081C11782D2E9008C1BA9 /* CoreData.framework */ = {isa = PBXFileReference; lastKnownFileType = wrapper.framework; name = CoreData.framework; path = System/Library/Frameworks/CoreData.framework; sourceTree = SDKROOT; };
		8B8081C41782D3FE008C1BA9 /* albumart */ = {isa = PBXFileReference; lastKnownFileType = folder; path = albumart; sourceTree = "<group>"; };
		8B8081C61782D4E0008C1BA9 /* EBTabBarView.xib */ = {isa = PBXFileReference; fileEncoding = 4; lastKnownFileType = file.xib; path = EBTabBarView.xib; sourceTree = "<group>"; };
		8B8081C81782D522008C1BA9 /* TrackCell.xib */ = {isa = PBXFileReference; fileEncoding = 4; lastKnownFileType = file.xib; path = TrackCell.xib; sourceTree = "<group>"; };
		8B8081C91782D522008C1BA9 /* UserCell.xib */ = {isa = PBXFileReference; fileEncoding = 4; lastKnownFileType = file.xib; path = UserCell.xib; sourceTree = "<group>"; };
		8B8081CC1782D57C008C1BA9 /* EBAPI.h */ = {isa = PBXFileReference; fileEncoding = 4; lastKnownFileType = sourcecode.c.h; path = EBAPI.h; sourceTree = "<group>"; };
		8B8081CD1782D57C008C1BA9 /* EBAPI.m */ = {isa = PBXFileReference; fileEncoding = 4; lastKnownFileType = sourcecode.c.objc; path = EBAPI.m; sourceTree = "<group>"; };
		8B8081CF1782D5CF008C1BA9 /* AVFoundation.framework */ = {isa = PBXFileReference; lastKnownFileType = wrapper.framework; name = AVFoundation.framework; path = System/Library/Frameworks/AVFoundation.framework; sourceTree = SDKROOT; };
		8B8081D11782DACD008C1BA9 /* EBPlaylistsViewController.h */ = {isa = PBXFileReference; fileEncoding = 4; lastKnownFileType = sourcecode.c.h; path = EBPlaylistsViewController.h; sourceTree = "<group>"; };
		8B8081D21782DACD008C1BA9 /* EBPlaylistsViewController.m */ = {isa = PBXFileReference; fileEncoding = 4; lastKnownFileType = sourcecode.c.objc; path = EBPlaylistsViewController.m; sourceTree = "<group>"; };
		8B8081D51782DC08008C1BA9 /* EqBeats.xcdatamodel */ = {isa = PBXFileReference; lastKnownFileType = wrapper.xcdatamodel; path = EqBeats.xcdatamodel; sourceTree = "<group>"; };
		8B8081E61782E39C008C1BA9 /* EBImageView.h */ = {isa = PBXFileReference; fileEncoding = 4; lastKnownFileType = sourcecode.c.h; path = EBImageView.h; sourceTree = "<group>"; };
		8B8081E71782E39C008C1BA9 /* EBImageView.m */ = {isa = PBXFileReference; fileEncoding = 4; lastKnownFileType = sourcecode.c.objc; path = EBImageView.m; sourceTree = "<group>"; };
		8B8081EA1787DF35008C1BA9 /* EBModel.h */ = {isa = PBXFileReference; fileEncoding = 4; lastKnownFileType = sourcecode.c.h; path = EBModel.h; sourceTree = "<group>"; };
		8B8081EB1787DF35008C1BA9 /* EBModel.m */ = {isa = PBXFileReference; fileEncoding = 4; lastKnownFileType = sourcecode.c.objc; path = EBModel.m; sourceTree = "<group>"; };
		8B8081ED1787F07F008C1BA9 /* EBDownload.h */ = {isa = PBXFileReference; fileEncoding = 4; lastKnownFileType = sourcecode.c.h; name = EBDownload.h; path = EqBeats/Application/Model/EBDownload.h; sourceTree = SOURCE_ROOT; };
		8B8081EE1787F07F008C1BA9 /* EBDownload.m */ = {isa = PBXFileReference; fileEncoding = 4; lastKnownFileType = sourcecode.c.objc; name = EBDownload.m; path = EqBeats/Application/Model/EBDownload.m; sourceTree = SOURCE_ROOT; };
		8B8081F01787F0E0008C1BA9 /* EBTrack.h */ = {isa = PBXFileReference; fileEncoding = 4; lastKnownFileType = sourcecode.c.h; path = EBTrack.h; sourceTree = "<group>"; };
		8B8081F11787F0E0008C1BA9 /* EBTrack.m */ = {isa = PBXFileReference; fileEncoding = 4; lastKnownFileType = sourcecode.c.objc; path = EBTrack.m; sourceTree = "<group>"; };
		8B8081F3178801CE008C1BA9 /* EBLog.h */ = {isa = PBXFileReference; lastKnownFileType = sourcecode.c.h; path = EBLog.h; sourceTree = "<group>"; };
		8BD45CC1178ED56A00723431 /* EBMappableObject.h */ = {isa = PBXFileReference; fileEncoding = 4; lastKnownFileType = sourcecode.c.h; path = EBMappableObject.h; sourceTree = "<group>"; };
		8BD45CC2178ED56A00723431 /* EBMappableObject.m */ = {isa = PBXFileReference; fileEncoding = 4; lastKnownFileType = sourcecode.c.objc; path = EBMappableObject.m; sourceTree = "<group>"; };
		8BD45CC4179021A000723431 /* SystemConfiguration.framework */ = {isa = PBXFileReference; lastKnownFileType = wrapper.framework; name = SystemConfiguration.framework; path = System/Library/Frameworks/SystemConfiguration.framework; sourceTree = SDKROOT; };
		8BD45CC6179021A600723431 /* MobileCoreServices.framework */ = {isa = PBXFileReference; lastKnownFileType = wrapper.framework; name = MobileCoreServices.framework; path = System/Library/Frameworks/MobileCoreServices.framework; sourceTree = SDKROOT; };
		8BD45CC81790277A00723431 /* EBVerticalExpandingLabel.h */ = {isa = PBXFileReference; fileEncoding = 4; lastKnownFileType = sourcecode.c.h; path = EBVerticalExpandingLabel.h; sourceTree = "<group>"; };
		8BD45CC91790277A00723431 /* EBVerticalExpandingLabel.m */ = {isa = PBXFileReference; fileEncoding = 4; lastKnownFileType = sourcecode.c.objc; path = EBVerticalExpandingLabel.m; sourceTree = "<group>"; };
		8BDB76BA17819B6700DC380B /* EqBeats.app */ = {isa = PBXFileReference; explicitFileType = wrapper.application; includeInIndex = 0; path = EqBeats.app; sourceTree = BUILT_PRODUCTS_DIR; };
		8BDB76BD17819B6700DC380B /* Foundation.framework */ = {isa = PBXFileReference; lastKnownFileType = wrapper.framework; name = Foundation.framework; path = System/Library/Frameworks/Foundation.framework; sourceTree = SDKROOT; };
		8BDB76BF17819B6700DC380B /* CoreGraphics.framework */ = {isa = PBXFileReference; lastKnownFileType = wrapper.framework; name = CoreGraphics.framework; path = System/Library/Frameworks/CoreGraphics.framework; sourceTree = SDKROOT; };
		8BDB76C117819B6700DC380B /* UIKit.framework */ = {isa = PBXFileReference; lastKnownFileType = wrapper.framework; name = UIKit.framework; path = System/Library/Frameworks/UIKit.framework; sourceTree = SDKROOT; };
		8BDB76CF17819B6700DC380B /* Images.xcassets */ = {isa = PBXFileReference; lastKnownFileType = folder.assetcatalog; path = Images.xcassets; sourceTree = "<group>"; };
		8BDB76D517819B6700DC380B /* EqBeatsTests.xctest */ = {isa = PBXFileReference; explicitFileType = wrapper.cfbundle; includeInIndex = 0; path = EqBeatsTests.xctest; sourceTree = BUILT_PRODUCTS_DIR; };
		8BDB76D617819B6700DC380B /* XCTest.framework */ = {isa = PBXFileReference; lastKnownFileType = wrapper.framework; name = XCTest.framework; path = Library/Frameworks/XCTest.framework; sourceTree = DEVELOPER_DIR; };
		8BDB76DE17819B6700DC380B /* EqBeatsTests-Info.plist */ = {isa = PBXFileReference; lastKnownFileType = text.plist.xml; path = "EqBeatsTests-Info.plist"; sourceTree = "<group>"; };
		8BDB76E017819B6700DC380B /* en */ = {isa = PBXFileReference; lastKnownFileType = text.plist.strings; name = en; path = en.lproj/InfoPlist.strings; sourceTree = "<group>"; };
		8BDB76E217819B6700DC380B /* EqBeatsTests.m */ = {isa = PBXFileReference; lastKnownFileType = sourcecode.c.objc; path = EqBeatsTests.m; sourceTree = "<group>"; };
		8BDB76EF17819D9100DC380B /* EBAppDelegate.h */ = {isa = PBXFileReference; fileEncoding = 4; lastKnownFileType = sourcecode.c.h; path = EBAppDelegate.h; sourceTree = "<group>"; };
		8BDB76F017819D9100DC380B /* EBAppDelegate.m */ = {isa = PBXFileReference; fileEncoding = 4; lastKnownFileType = sourcecode.c.objc; path = EBAppDelegate.m; sourceTree = "<group>"; };
		8BDB76F517819D9100DC380B /* en */ = {isa = PBXFileReference; lastKnownFileType = text.plist.strings; name = en; path = en.lproj/InfoPlist.strings; sourceTree = "<group>"; };
		8BDB76F617819D9100DC380B /* EqBeats-Info.plist */ = {isa = PBXFileReference; fileEncoding = 4; lastKnownFileType = text.plist.xml; path = "EqBeats-Info.plist"; sourceTree = "<group>"; };
		8BDB76FE17819E7E00DC380B /* en */ = {isa = PBXFileReference; lastKnownFileType = file.storyboard; name = en; path = en.lproj/MainStoryboard.storyboard; sourceTree = "<group>"; };
		8BDB770017819F5000DC380B /* EqBeats-Prefix.pch */ = {isa = PBXFileReference; fileEncoding = 4; lastKnownFileType = sourcecode.c.h; path = "EqBeats-Prefix.pch"; sourceTree = "<group>"; };
		8BDB770117819F5700DC380B /* main.m */ = {isa = PBXFileReference; fileEncoding = 4; lastKnownFileType = sourcecode.c.objc; path = main.m; sourceTree = "<group>"; };
		8BDB77031781A18900DC380B /* EBAudioController.h */ = {isa = PBXFileReference; fileEncoding = 4; lastKnownFileType = sourcecode.c.h; path = EBAudioController.h; sourceTree = "<group>"; };
		8BDB77041781A18900DC380B /* EBAudioController.m */ = {isa = PBXFileReference; fileEncoding = 4; lastKnownFileType = sourcecode.c.objc; path = EBAudioController.m; sourceTree = "<group>"; };
		8BDB77061781A1A400DC380B /* EBModelObject.h */ = {isa = PBXFileReference; fileEncoding = 4; lastKnownFileType = sourcecode.c.h; path = EBModelObject.h; sourceTree = "<group>"; };
		8BDB77071781A1A400DC380B /* EBModelObject.m */ = {isa = PBXFileReference; fileEncoding = 4; lastKnownFileType = sourcecode.c.objc; path = EBModelObject.m; sourceTree = "<group>"; };
		8BDB77091781A1B800DC380B /* EBPlaylist.h */ = {isa = PBXFileReference; fileEncoding = 4; lastKnownFileType = sourcecode.c.h; path = EBPlaylist.h; sourceTree = "<group>"; };
		8BDB770A1781A1B800DC380B /* EBPlaylist.m */ = {isa = PBXFileReference; fileEncoding = 4; lastKnownFileType = sourcecode.c.objc; path = EBPlaylist.m; sourceTree = "<group>"; };
		8BDB770C1781A1CD00DC380B /* EBRadioStation.h */ = {isa = PBXFileReference; fileEncoding = 4; lastKnownFileType = sourcecode.c.h; path = EBRadioStation.h; sourceTree = "<group>"; };
		8BDB770D1781A1CD00DC380B /* EBRadioStation.m */ = {isa = PBXFileReference; fileEncoding = 4; lastKnownFileType = sourcecode.c.objc; path = EBRadioStation.m; sourceTree = "<group>"; };
		8BDB77121781A1EC00DC380B /* EBUser.h */ = {isa = PBXFileReference; fileEncoding = 4; lastKnownFileType = sourcecode.c.h; path = EBUser.h; sourceTree = "<group>"; };
		8BDB77131781A1EC00DC380B /* EBUser.m */ = {isa = PBXFileReference; fileEncoding = 4; lastKnownFileType = sourcecode.c.objc; path = EBUser.m; sourceTree = "<group>"; };
		8BDB77151781A20B00DC380B /* EBTabBarView.h */ = {isa = PBXFileReference; fileEncoding = 4; lastKnownFileType = sourcecode.c.h; path = EBTabBarView.h; sourceTree = "<group>"; };
		8BDB77161781A20B00DC380B /* EBTabBarView.m */ = {isa = PBXFileReference; fileEncoding = 4; lastKnownFileType = sourcecode.c.objc; path = EBTabBarView.m; sourceTree = "<group>"; };
		8BDB77181781A21400DC380B /* EBWindow.h */ = {isa = PBXFileReference; fileEncoding = 4; lastKnownFileType = sourcecode.c.h; path = EBWindow.h; sourceTree = "<group>"; };
		8BDB77191781A21400DC380B /* EBWindow.m */ = {isa = PBXFileReference; fileEncoding = 4; lastKnownFileType = sourcecode.c.objc; path = EBWindow.m; sourceTree = "<group>"; };
		8BDB771B1781A22500DC380B /* EBLaunchBackgroundView.h */ = {isa = PBXFileReference; fileEncoding = 4; lastKnownFileType = sourcecode.c.h; path = EBLaunchBackgroundView.h; sourceTree = "<group>"; };
		8BDB771C1781A22500DC380B /* EBLaunchBackgroundView.m */ = {isa = PBXFileReference; fileEncoding = 4; lastKnownFileType = sourcecode.c.objc; path = EBLaunchBackgroundView.m; sourceTree = "<group>"; };
		D3FC587C9DD742EDA7429A21 /* Pods.xcconfig */ = {isa = PBXFileReference; includeInIndex = 1; lastKnownFileType = text.xcconfig; name = Pods.xcconfig; path = Pods/Pods.xcconfig; sourceTree = SOURCE_ROOT; };
/* End PBXFileReference section */

/* Begin PBXFrameworksBuildPhase section */
		8BDB76B717819B6700DC380B /* Frameworks */ = {
			isa = PBXFrameworksBuildPhase;
			buildActionMask = 2147483647;
			files = (
				8BD45CC7179021A600723431 /* MobileCoreServices.framework in Frameworks */,
				8BD45CC5179021A000723431 /* SystemConfiguration.framework in Frameworks */,
				8B8081D01782D5CF008C1BA9 /* AVFoundation.framework in Frameworks */,
				8B8081C21782D2E9008C1BA9 /* CoreData.framework in Frameworks */,
				8BDB76C017819B6700DC380B /* CoreGraphics.framework in Frameworks */,
				8BDB76C217819B6700DC380B /* UIKit.framework in Frameworks */,
				8BDB76BE17819B6700DC380B /* Foundation.framework in Frameworks */,
				70C7834F430747419A702B54 /* libPods.a in Frameworks */,
			);
			runOnlyForDeploymentPostprocessing = 0;
		};
		8BDB76D217819B6700DC380B /* Frameworks */ = {
			isa = PBXFrameworksBuildPhase;
			buildActionMask = 2147483647;
			files = (
				8BDB76D717819B6700DC380B /* XCTest.framework in Frameworks */,
				8BDB76D917819B6700DC380B /* UIKit.framework in Frameworks */,
				8BDB76D817819B6700DC380B /* Foundation.framework in Frameworks */,
			);
			runOnlyForDeploymentPostprocessing = 0;
		};
/* End PBXFrameworksBuildPhase section */

/* Begin PBXGroup section */
		8B80819B1782CC03008C1BA9 /* Category */ = {
			isa = PBXGroup;
			children = (
				8B51D917178EC0E400264F1D /* NSString+Color.h */,
				8B51D918178EC0E400264F1D /* NSString+Color.m */,
				8B80819D1782CC3C008C1BA9 /* UISearchBar+TextField.h */,
				8B80819E1782CC3C008C1BA9 /* UISearchBar+TextField.m */,
				8B51D919178EC0E400264F1D /* UIColor+HexHTML.h */,
				8B51D91A178EC0E400264F1D /* UIColor+HexHTML.m */,
				8B51D91D178EC46100264F1D /* EqBeatsCategories.h */,
			);
			path = Category;
			sourceTree = "<group>";
		};
		8B80819C1782CC14008C1BA9 /* Utility */ = {
			isa = PBXGroup;
			children = (
				8B8081CC1782D57C008C1BA9 /* EBAPI.h */,
				8B8081CD1782D57C008C1BA9 /* EBAPI.m */,
				8B8081F3178801CE008C1BA9 /* EBLog.h */,
			);
			path = Utility;
			sourceTree = "<group>";
		};
		8B8081C31782D3EA008C1BA9 /* Resources */ = {
			isa = PBXGroup;
			children = (
				8B8081C41782D3FE008C1BA9 /* albumart */,
			);
			path = Resources;
			sourceTree = "<group>";
		};
		8BDB76B117819B6700DC380B = {
			isa = PBXGroup;
			children = (
				8BDB76C317819B6700DC380B /* EqBeats */,
				8BDB76DC17819B6700DC380B /* EqBeatsTests */,
				8BDB76BC17819B6700DC380B /* Frameworks */,
				8BDB76BB17819B6700DC380B /* Products */,
				D3FC587C9DD742EDA7429A21 /* Pods.xcconfig */,
			);
			sourceTree = "<group>";
		};
		8BDB76BB17819B6700DC380B /* Products */ = {
			isa = PBXGroup;
			children = (
				8BDB76BA17819B6700DC380B /* EqBeats.app */,
				8BDB76D517819B6700DC380B /* EqBeatsTests.xctest */,
			);
			name = Products;
			sourceTree = "<group>";
		};
		8BDB76BC17819B6700DC380B /* Frameworks */ = {
			isa = PBXGroup;
			children = (
				8BD45CC6179021A600723431 /* MobileCoreServices.framework */,
				8BD45CC4179021A000723431 /* SystemConfiguration.framework */,
				8B8081CF1782D5CF008C1BA9 /* AVFoundation.framework */,
				8B8081C11782D2E9008C1BA9 /* CoreData.framework */,
				8BDB76BD17819B6700DC380B /* Foundation.framework */,
				8BDB76BF17819B6700DC380B /* CoreGraphics.framework */,
				8BDB76C117819B6700DC380B /* UIKit.framework */,
				8BDB76D617819B6700DC380B /* XCTest.framework */,
				4D55148FE9BC4CE18B300958 /* libPods.a */,
			);
			name = Frameworks;
			sourceTree = "<group>";
		};
		8BDB76C317819B6700DC380B /* EqBeats */ = {
			isa = PBXGroup;
			children = (
				8BDB76ED17819D9100DC380B /* Application */,
				8BDB76F317819D9100DC380B /* Data */,
				8BDB76F717819D9100DC380B /* Interface */,
				8B8081C31782D3EA008C1BA9 /* Resources */,
				8BDB76EC17819D5C00DC380B /* Supporting Files */,
				8BDB76CF17819B6700DC380B /* Images.xcassets */,
			);
			path = EqBeats;
			sourceTree = "<group>";
		};
		8BDB76DC17819B6700DC380B /* EqBeatsTests */ = {
			isa = PBXGroup;
			children = (
				8BDB76E217819B6700DC380B /* EqBeatsTests.m */,
				8BDB76DD17819B6700DC380B /* Supporting Files */,
			);
			path = EqBeatsTests;
			sourceTree = "<group>";
		};
		8BDB76DD17819B6700DC380B /* Supporting Files */ = {
			isa = PBXGroup;
			children = (
				8BDB76DE17819B6700DC380B /* EqBeatsTests-Info.plist */,
				8BDB76DF17819B6700DC380B /* InfoPlist.strings */,
			);
			name = "Supporting Files";
			sourceTree = "<group>";
		};
		8BDB76EC17819D5C00DC380B /* Supporting Files */ = {
			isa = PBXGroup;
			children = (
				8BDB770017819F5000DC380B /* EqBeats-Prefix.pch */,
				8BDB770117819F5700DC380B /* main.m */,
			);
			name = "Supporting Files";
			sourceTree = "<group>";
		};
		8BDB76ED17819D9100DC380B /* Application */ = {
			isa = PBXGroup;
			children = (
				8B80819B1782CC03008C1BA9 /* Category */,
				8BDB76EE17819D9100DC380B /* Controller */,
				8BDB76F117819D9100DC380B /* Model */,
				8B80819C1782CC14008C1BA9 /* Utility */,
				8BDB76F217819D9100DC380B /* View */,
			);
			path = Application;
			sourceTree = "<group>";
		};
		8BDB76EE17819D9100DC380B /* Controller */ = {
			isa = PBXGroup;
			children = (
				8BDB76EF17819D9100DC380B /* EBAppDelegate.h */,
				8BDB76F017819D9100DC380B /* EBAppDelegate.m */,
				8BDB77031781A18900DC380B /* EBAudioController.h */,
				8BDB77041781A18900DC380B /* EBAudioController.m */,
				8B80776B179186D300399043 /* EBDebugViewController.h */,
				8B80776C179186D300399043 /* EBDebugViewController.m */,
				8B8081A31782D1C6008C1BA9 /* EBFeaturedViewController.h */,
				8B8081A41782D1C6008C1BA9 /* EBFeaturedViewController.m */,
				8B8081A61782D1D8008C1BA9 /* EBLaunchViewController.h */,
				8B8081A71782D1D8008C1BA9 /* EBLaunchViewController.m */,
				8B8081A91782D1F5008C1BA9 /* EBMainTabBarController.h */,
				8B8081AA1782D1F5008C1BA9 /* EBMainTabBarController.m */,
				8B8081AC1782D20C008C1BA9 /* EBNavigationController.h */,
				8B8081AD1782D20C008C1BA9 /* EBNavigationController.m */,
				8B8081AF1782D21D008C1BA9 /* EBPlayerViewController.h */,
				8B8081B01782D21D008C1BA9 /* EBPlayerViewController.m */,
				8B8081B21782D230008C1BA9 /* EBPlaylistViewController.h */,
				8B8081B31782D230008C1BA9 /* EBPlaylistViewController.m */,
				8B8081D11782DACD008C1BA9 /* EBPlaylistsViewController.h */,
				8B8081D21782DACD008C1BA9 /* EBPlaylistsViewController.m */,
				8B8081B51782D23C008C1BA9 /* EBRadioListViewController.h */,
				8B8081B61782D23C008C1BA9 /* EBRadioListViewController.m */,
				8B8081B81782D24D008C1BA9 /* EBResourcesController.h */,
				8B8081B91782D24D008C1BA9 /* EBResourcesController.m */,
				8B8081BB1782D267008C1BA9 /* EBSearchViewController.h */,
				8B8081BC1782D267008C1BA9 /* EBSearchViewController.m */,
				8B8081BE1782D27C008C1BA9 /* EBTracksViewController.h */,
				8B8081BF1782D27C008C1BA9 /* EBTracksViewController.m */,
			);
			path = Controller;
			sourceTree = "<group>";
		};
		8BDB76F117819D9100DC380B /* Model */ = {
			isa = PBXGroup;
			children = (
				8B8081F01787F0E0008C1BA9 /* EBTrack.h */,
				8B8081F11787F0E0008C1BA9 /* EBTrack.m */,
				8B8081ED1787F07F008C1BA9 /* EBDownload.h */,
				8B8081EE1787F07F008C1BA9 /* EBDownload.m */,
				8B8081EA1787DF35008C1BA9 /* EBModel.h */,
				8B8081EB1787DF35008C1BA9 /* EBModel.m */,
				8BD45CC1178ED56A00723431 /* EBMappableObject.h */,
				8BD45CC2178ED56A00723431 /* EBMappableObject.m */,
				8BDB77061781A1A400DC380B /* EBModelObject.h */,
				8BDB77071781A1A400DC380B /* EBModelObject.m */,
				8BDB77091781A1B800DC380B /* EBPlaylist.h */,
				8BDB770A1781A1B800DC380B /* EBPlaylist.m */,
				8BDB770C1781A1CD00DC380B /* EBRadioStation.h */,
				8BDB770D1781A1CD00DC380B /* EBRadioStation.m */,
				8BDB77121781A1EC00DC380B /* EBUser.h */,
				8BDB77131781A1EC00DC380B /* EBUser.m */,
			);
			path = Model;
			sourceTree = "<group>";
		};
		8BDB76F217819D9100DC380B /* View */ = {
			isa = PBXGroup;
			children = (
				8B8081E61782E39C008C1BA9 /* EBImageView.h */,
				8B8081E71782E39C008C1BA9 /* EBImageView.m */,
				8BDB77151781A20B00DC380B /* EBTabBarView.h */,
				8BDB77161781A20B00DC380B /* EBTabBarView.m */,
				8BDB77181781A21400DC380B /* EBWindow.h */,
				8BDB77191781A21400DC380B /* EBWindow.m */,
				8BDB771B1781A22500DC380B /* EBLaunchBackgroundView.h */,
				8BDB771C1781A22500DC380B /* EBLaunchBackgroundView.m */,
				8B80776817916F9700399043 /* EBPlaybackScrubControl.h */,
				8B80776917916F9700399043 /* EBPlaybackScrubControl.m */,
				8B80818C1782CA02008C1BA9 /* EBPlaylistOptionsCell.h */,
				8B80818D1782CA02008C1BA9 /* EBPlaylistOptionsCell.m */,
				8B80818F1782CA0F008C1BA9 /* EBRadioCell.h */,
				8B8081901782CA0F008C1BA9 /* EBRadioCell.m */,
				8B8081921782CA4A008C1BA9 /* EBRoundProgressView.h */,
				8B8081931782CA4A008C1BA9 /* EBRoundProgressView.m */,
				8B8081951782CB8A008C1BA9 /* EBShadowedTextField.h */,
				8B8081961782CB8A008C1BA9 /* EBShadowedTextField.m */,
				8B8081981782CBB8008C1BA9 /* EBTrackCell.h */,
				8B8081991782CBB8008C1BA9 /* EBTrackCell.m */,
				8B8081A01782D0FF008C1BA9 /* EBUserCell.h */,
				8B8081A11782D0FF008C1BA9 /* EBUserCell.m */,
				8BD45CC81790277A00723431 /* EBVerticalExpandingLabel.h */,
				8BD45CC91790277A00723431 /* EBVerticalExpandingLabel.m */,
			);
			path = View;
			sourceTree = "<group>";
		};
		8BDB76F317819D9100DC380B /* Data */ = {
			isa = PBXGroup;
			children = (
				8BDB76F417819D9100DC380B /* InfoPlist.strings */,
				8BDB76F617819D9100DC380B /* EqBeats-Info.plist */,
				8B8081D41782DC08008C1BA9 /* EqBeats.xcdatamodeld */,
			);
			path = Data;
			sourceTree = "<group>";
		};
		8BDB76F717819D9100DC380B /* Interface */ = {
			isa = PBXGroup;
			children = (
				8B8081C61782D4E0008C1BA9 /* EBTabBarView.xib */,
				8BDB76FD17819E7E00DC380B /* MainStoryboard.storyboard */,
				8B8081C81782D522008C1BA9 /* TrackCell.xib */,
				8B8081C91782D522008C1BA9 /* UserCell.xib */,
			);
			path = Interface;
			sourceTree = "<group>";
		};
/* End PBXGroup section */

/* Begin PBXNativeTarget section */
		8BDB76B917819B6700DC380B /* EqBeats */ = {
			isa = PBXNativeTarget;
			buildConfigurationList = 8BDB76E617819B6700DC380B /* Build configuration list for PBXNativeTarget "EqBeats" */;
			buildPhases = (
				095CD5278C094377B768F29E /* Check Pods Manifest.lock */,
				8BDB76B617819B6700DC380B /* Sources */,
				8BDB76B717819B6700DC380B /* Frameworks */,
				8BDB76B817819B6700DC380B /* Resources */,
				1A488F29C53B45D190D8E93D /* Copy Pods Resources */,
			);
			buildRules = (
			);
			dependencies = (
			);
			name = EqBeats;
			productName = EqBeats;
			productReference = 8BDB76BA17819B6700DC380B /* EqBeats.app */;
			productType = "com.apple.product-type.application";
		};
		8BDB76D417819B6700DC380B /* EqBeatsTests */ = {
			isa = PBXNativeTarget;
			buildConfigurationList = 8BDB76E917819B6700DC380B /* Build configuration list for PBXNativeTarget "EqBeatsTests" */;
			buildPhases = (
				8BDB76D117819B6700DC380B /* Sources */,
				8BDB76D217819B6700DC380B /* Frameworks */,
				8BDB76D317819B6700DC380B /* Resources */,
			);
			buildRules = (
			);
			dependencies = (
				8BDB76DB17819B6700DC380B /* PBXTargetDependency */,
			);
			name = EqBeatsTests;
			productName = EqBeatsTests;
			productReference = 8BDB76D517819B6700DC380B /* EqBeatsTests.xctest */;
			productType = "com.apple.product-type.bundle.unit-test";
		};
/* End PBXNativeTarget section */

/* Begin PBXProject section */
		8BDB76B217819B6700DC380B /* Project object */ = {
			isa = PBXProject;
			attributes = {
				CLASSPREFIX = EB;
				LastUpgradeCheck = 0500;
				ORGANIZATIONNAME = Sudeium;
				TargetAttributes = {
					8BDB76B917819B6700DC380B = {
						DevelopmentTeam = UZR9WVPJ62;
						SystemCapabilities = {
							com.apple.BackgroundModes = {
								enabled = 1;
							};
						};
					};
					8BDB76D417819B6700DC380B = {
						TestTargetID = 8BDB76B917819B6700DC380B;
					};
				};
			};
			buildConfigurationList = 8BDB76B517819B6700DC380B /* Build configuration list for PBXProject "EqBeats" */;
			compatibilityVersion = "Xcode 3.2";
			developmentRegion = English;
			hasScannedForEncodings = 0;
			knownRegions = (
				en,
			);
			mainGroup = 8BDB76B117819B6700DC380B;
			productRefGroup = 8BDB76BB17819B6700DC380B /* Products */;
			projectDirPath = "";
			projectRoot = "";
			targets = (
				8BDB76B917819B6700DC380B /* EqBeats */,
				8BDB76D417819B6700DC380B /* EqBeatsTests */,
			);
		};
/* End PBXProject section */

/* Begin PBXResourcesBuildPhase section */
		8BDB76B817819B6700DC380B /* Resources */ = {
			isa = PBXResourcesBuildPhase;
			buildActionMask = 2147483647;
			files = (
				8B8081C51782D3FE008C1BA9 /* albumart in Resources */,
				8B8081C71782D4E0008C1BA9 /* EBTabBarView.xib in Resources */,
				8B8081CA1782D522008C1BA9 /* TrackCell.xib in Resources */,
				8B8081CB1782D522008C1BA9 /* UserCell.xib in Resources */,
				8BDB76D017819B6700DC380B /* Images.xcassets in Resources */,
				8BDB76FF17819E7E00DC380B /* MainStoryboard.storyboard in Resources */,
				8BDB76F917819D9100DC380B /* InfoPlist.strings in Resources */,
			);
			runOnlyForDeploymentPostprocessing = 0;
		};
		8BDB76D317819B6700DC380B /* Resources */ = {
			isa = PBXResourcesBuildPhase;
			buildActionMask = 2147483647;
			files = (
				8BDB76E117819B6700DC380B /* InfoPlist.strings in Resources */,
			);
			runOnlyForDeploymentPostprocessing = 0;
		};
/* End PBXResourcesBuildPhase section */

/* Begin PBXShellScriptBuildPhase section */
		095CD5278C094377B768F29E /* Check Pods Manifest.lock */ = {
			isa = PBXShellScriptBuildPhase;
			buildActionMask = 2147483647;
			files = (
			);
			inputPaths = (
			);
			name = "Check Pods Manifest.lock";
			outputPaths = (
			);
			runOnlyForDeploymentPostprocessing = 0;
			shellPath = /bin/sh;
			shellScript = "diff \"${PODS_ROOT}/../Podfile.lock\" \"${PODS_ROOT}/Manifest.lock\" > /dev/null\nif [[ $? != 0 ]] ; then\n    cat << EOM\nerror: The sandbox is not in sync with the Podfile.lock. Run 'pod install' or update your CocoaPods installation.\nEOM\n    exit 1\nfi\n";
		};
		1A488F29C53B45D190D8E93D /* Copy Pods Resources */ = {
			isa = PBXShellScriptBuildPhase;
			buildActionMask = 2147483647;
			files = (
			);
			inputPaths = (
			);
			name = "Copy Pods Resources";
			outputPaths = (
			);
			runOnlyForDeploymentPostprocessing = 0;
			shellPath = /bin/sh;
			shellScript = "\"${SRCROOT}/Pods/Pods-resources.sh\"\n";
		};
/* End PBXShellScriptBuildPhase section */

/* Begin PBXSourcesBuildPhase section */
		8BDB76B617819B6700DC380B /* Sources */ = {
			isa = PBXSourcesBuildPhase;
			buildActionMask = 2147483647;
			files = (
				8BDB771A1781A21400DC380B /* EBWindow.m in Sources */,
				8BDB77051781A18900DC380B /* EBAudioController.m in Sources */,
				8B8081B11782D21D008C1BA9 /* EBPlayerViewController.m in Sources */,
				8BDB77141781A1EC00DC380B /* EBUser.m in Sources */,
				8BDB771D1781A22500DC380B /* EBLaunchBackgroundView.m in Sources */,
				8B80776A17916F9700399043 /* EBPlaybackScrubControl.m in Sources */,
				8B8081C01782D27C008C1BA9 /* EBTracksViewController.m in Sources */,
				8BD45CC3178ED56A00723431 /* EBMappableObject.m in Sources */,
				8B8081B41782D230008C1BA9 /* EBPlaylistViewController.m in Sources */,
				8B80819A1782CBB8008C1BA9 /* EBTrackCell.m in Sources */,
				8BDB77081781A1A400DC380B /* EBModelObject.m in Sources */,
				8B8081971782CB8A008C1BA9 /* EBShadowedTextField.m in Sources */,
				8B8081A51782D1C6008C1BA9 /* EBFeaturedViewController.m in Sources */,
				8BDB770B1781A1B800DC380B /* EBPlaylist.m in Sources */,
				8B8081F21787F0E0008C1BA9 /* EBTrack.m in Sources */,
				8BD45CCA1790277A00723431 /* EBVerticalExpandingLabel.m in Sources */,
				8B8081EC1787DF35008C1BA9 /* EBModel.m in Sources */,
				8B8081E81782E39C008C1BA9 /* EBImageView.m in Sources */,
				8B8081BA1782D24D008C1BA9 /* EBResourcesController.m in Sources */,
				8B80818E1782CA02008C1BA9 /* EBPlaylistOptionsCell.m in Sources */,
				8B51D91B178EC0E400264F1D /* NSString+Color.m in Sources */,
				8B51D91C178EC0E400264F1D /* UIColor+HexHTML.m in Sources */,
				8B8081BD1782D267008C1BA9 /* EBSearchViewController.m in Sources */,
				8B80776D179186D300399043 /* EBDebugViewController.m in Sources */,
				8BDB77171781A20B00DC380B /* EBTabBarView.m in Sources */,
				8B8081A81782D1D8008C1BA9 /* EBLaunchViewController.m in Sources */,
				8BDB770217819F5700DC380B /* main.m in Sources */,
				8B80819F1782CC3C008C1BA9 /* UISearchBar+TextField.m in Sources */,
				8B8081A21782D0FF008C1BA9 /* EBUserCell.m in Sources */,
				8B8081CE1782D57C008C1BA9 /* EBAPI.m in Sources */,
				8B8081EF1787F07F008C1BA9 /* EBDownload.m in Sources */,
				8B8081D61782DC08008C1BA9 /* EqBeats.xcdatamodeld in Sources */,
				8B8081AE1782D20C008C1BA9 /* EBNavigationController.m in Sources */,
				8B8081911782CA0F008C1BA9 /* EBRadioCell.m in Sources */,
				8BDB76F817819D9100DC380B /* EBAppDelegate.m in Sources */,
				8B8081AB1782D1F5008C1BA9 /* EBMainTabBarController.m in Sources */,
				8BDB770E1781A1CD00DC380B /* EBRadioStation.m in Sources */,
				8B8081B71782D23C008C1BA9 /* EBRadioListViewController.m in Sources */,
				8B8081941782CA4A008C1BA9 /* EBRoundProgressView.m in Sources */,
				8B8081D31782DACD008C1BA9 /* EBPlaylistsViewController.m in Sources */,
			);
			runOnlyForDeploymentPostprocessing = 0;
		};
		8BDB76D117819B6700DC380B /* Sources */ = {
			isa = PBXSourcesBuildPhase;
			buildActionMask = 2147483647;
			files = (
				8BDB76E317819B6700DC380B /* EqBeatsTests.m in Sources */,
			);
			runOnlyForDeploymentPostprocessing = 0;
		};
/* End PBXSourcesBuildPhase section */

/* Begin PBXTargetDependency section */
		8BDB76DB17819B6700DC380B /* PBXTargetDependency */ = {
			isa = PBXTargetDependency;
			target = 8BDB76B917819B6700DC380B /* EqBeats */;
			targetProxy = 8BDB76DA17819B6700DC380B /* PBXContainerItemProxy */;
		};
/* End PBXTargetDependency section */

/* Begin PBXVariantGroup section */
		8BDB76DF17819B6700DC380B /* InfoPlist.strings */ = {
			isa = PBXVariantGroup;
			children = (
				8BDB76E017819B6700DC380B /* en */,
			);
			name = InfoPlist.strings;
			sourceTree = "<group>";
		};
		8BDB76F417819D9100DC380B /* InfoPlist.strings */ = {
			isa = PBXVariantGroup;
			children = (
				8BDB76F517819D9100DC380B /* en */,
			);
			name = InfoPlist.strings;
			sourceTree = "<group>";
		};
		8BDB76FD17819E7E00DC380B /* MainStoryboard.storyboard */ = {
			isa = PBXVariantGroup;
			children = (
				8BDB76FE17819E7E00DC380B /* en */,
			);
			name = MainStoryboard.storyboard;
			sourceTree = "<group>";
		};
/* End PBXVariantGroup section */

/* Begin XCBuildConfiguration section */
		8BDB76E417819B6700DC380B /* Debug */ = {
			isa = XCBuildConfiguration;
			buildSettings = {
				ALWAYS_SEARCH_USER_PATHS = NO;
				CLANG_CXX_LANGUAGE_STANDARD = "gnu++0x";
				CLANG_CXX_LIBRARY = "libc++";
				CLANG_ENABLE_MODULES = YES;
				CLANG_ENABLE_OBJC_ARC = YES;
				CLANG_WARN_BOOL_CONVERSION = YES;
				CLANG_WARN_CONSTANT_CONVERSION = YES;
				CLANG_WARN_DIRECT_OBJC_ISA_USAGE = YES_ERROR;
				CLANG_WARN_EMPTY_BODY = YES;
				CLANG_WARN_ENUM_CONVERSION = YES;
				CLANG_WARN_INT_CONVERSION = YES;
				CLANG_WARN_OBJC_ROOT_CLASS = YES_ERROR;
				CLANG_WARN__DUPLICATE_METHOD_MATCH = YES;
				"CODE_SIGN_IDENTITY[sdk=iphoneos*]" = "iPhone Developer";
				COPY_PHASE_STRIP = NO;
				GCC_C_LANGUAGE_STANDARD = gnu99;
				GCC_DYNAMIC_NO_PIC = NO;
				GCC_OPTIMIZATION_LEVEL = 0;
				GCC_PREPROCESSOR_DEFINITIONS = (
					"DEBUG=1",
					"$(inherited)",
				);
				GCC_SYMBOLS_PRIVATE_EXTERN = NO;
				GCC_WARN_ABOUT_RETURN_TYPE = YES_ERROR;
				GCC_WARN_UNDECLARED_SELECTOR = YES;
				GCC_WARN_UNINITIALIZED_AUTOS = YES;
				GCC_WARN_UNUSED_FUNCTION = YES;
				GCC_WARN_UNUSED_VARIABLE = YES;
				IPHONEOS_DEPLOYMENT_TARGET = 7.0;
				ONLY_ACTIVE_ARCH = YES;
				SDKROOT = iphoneos;
			};
			name = Debug;
		};
		8BDB76E517819B6700DC380B /* Release */ = {
			isa = XCBuildConfiguration;
			buildSettings = {
				ALWAYS_SEARCH_USER_PATHS = NO;
				CLANG_CXX_LANGUAGE_STANDARD = "gnu++0x";
				CLANG_CXX_LIBRARY = "libc++";
				CLANG_ENABLE_MODULES = YES;
				CLANG_ENABLE_OBJC_ARC = YES;
				CLANG_WARN_BOOL_CONVERSION = YES;
				CLANG_WARN_CONSTANT_CONVERSION = YES;
				CLANG_WARN_DIRECT_OBJC_ISA_USAGE = YES_ERROR;
				CLANG_WARN_EMPTY_BODY = YES;
				CLANG_WARN_ENUM_CONVERSION = YES;
				CLANG_WARN_INT_CONVERSION = YES;
				CLANG_WARN_OBJC_ROOT_CLASS = YES_ERROR;
				CLANG_WARN__DUPLICATE_METHOD_MATCH = YES;
				"CODE_SIGN_IDENTITY[sdk=iphoneos*]" = "iPhone Developer";
				COPY_PHASE_STRIP = YES;
				ENABLE_NS_ASSERTIONS = NO;
				GCC_C_LANGUAGE_STANDARD = gnu99;
				GCC_WARN_ABOUT_RETURN_TYPE = YES_ERROR;
				GCC_WARN_UNDECLARED_SELECTOR = YES;
				GCC_WARN_UNINITIALIZED_AUTOS = YES;
				GCC_WARN_UNUSED_FUNCTION = YES;
				GCC_WARN_UNUSED_VARIABLE = YES;
				IPHONEOS_DEPLOYMENT_TARGET = 7.0;
				SDKROOT = iphoneos;
				VALIDATE_PRODUCT = YES;
			};
			name = Release;
		};
		8BDB76E717819B6700DC380B /* Debug */ = {
			isa = XCBuildConfiguration;
			baseConfigurationReference = D3FC587C9DD742EDA7429A21 /* Pods.xcconfig */;
			buildSettings = {
				ASSETCATALOG_COMPILER_APPICON_NAME = AppIcon;
				ASSETCATALOG_COMPILER_LAUNCHIMAGE_NAME = LaunchImage;
				CODE_SIGN_IDENTITY = "iPhone Developer";
				GCC_PRECOMPILE_PREFIX_HEADER = YES;
				GCC_PREFIX_HEADER = "EqBeats/EqBeats-Prefix.pch";
				INFOPLIST_FILE = "$(SRCROOT)/EqBeats/Data/EqBeats-Info.plist";
				IPHONEOS_DEPLOYMENT_TARGET = 6.0;
				PRODUCT_NAME = "$(TARGET_NAME)";
				WRAPPER_EXTENSION = app;
			};
			name = Debug;
		};
		8BDB76E817819B6700DC380B /* Release */ = {
			isa = XCBuildConfiguration;
			baseConfigurationReference = D3FC587C9DD742EDA7429A21 /* Pods.xcconfig */;
			buildSettings = {
				ASSETCATALOG_COMPILER_APPICON_NAME = AppIcon;
				ASSETCATALOG_COMPILER_LAUNCHIMAGE_NAME = LaunchImage;
				CODE_SIGN_IDENTITY = "iPhone Developer";
				GCC_PRECOMPILE_PREFIX_HEADER = YES;
				GCC_PREFIX_HEADER = "EqBeats/EqBeats-Prefix.pch";
				INFOPLIST_FILE = "$(SRCROOT)/EqBeats/Data/EqBeats-Info.plist";
				IPHONEOS_DEPLOYMENT_TARGET = 6.0;
				PRODUCT_NAME = "$(TARGET_NAME)";
				WRAPPER_EXTENSION = app;
			};
			name = Release;
		};
		8BDB76EA17819B6700DC380B /* Debug */ = {
			isa = XCBuildConfiguration;
			buildSettings = {
				BUNDLE_LOADER = "$(BUILT_PRODUCTS_DIR)/EqBeats.app/EqBeats";
				FRAMEWORK_SEARCH_PATHS = (
					"$(SDKROOT)/Developer/Library/Frameworks",
					"$(inherited)",
					"$(SYSTEM_APPS_DIR)/Xcode5-DP2.app/Contents/Developer/Library/Frameworks",
				);
				GCC_PRECOMPILE_PREFIX_HEADER = YES;
				GCC_PREFIX_HEADER = "EqBeats/EqBeats-Prefix.pch";
				GCC_PREPROCESSOR_DEFINITIONS = (
					"DEBUG=1",
					"$(inherited)",
				);
				INFOPLIST_FILE = "EqBeatsTests/EqBeatsTests-Info.plist";
				PRODUCT_NAME = "$(TARGET_NAME)";
				TEST_HOST = "$(BUNDLE_LOADER)";
				WRAPPER_EXTENSION = xctest;
			};
			name = Debug;
		};
		8BDB76EB17819B6700DC380B /* Release */ = {
			isa = XCBuildConfiguration;
			buildSettings = {
				BUNDLE_LOADER = "$(BUILT_PRODUCTS_DIR)/EqBeats.app/EqBeats";
				FRAMEWORK_SEARCH_PATHS = (
					"$(SDKROOT)/Developer/Library/Frameworks",
					"$(inherited)",
					"$(SYSTEM_APPS_DIR)/Xcode5-DP2.app/Contents/Developer/Library/Frameworks",
				);
				GCC_PRECOMPILE_PREFIX_HEADER = YES;
				GCC_PREFIX_HEADER = "EqBeats/EqBeats-Prefix.pch";
				INFOPLIST_FILE = "EqBeatsTests/EqBeatsTests-Info.plist";
				PRODUCT_NAME = "$(TARGET_NAME)";
				TEST_HOST = "$(BUNDLE_LOADER)";
				WRAPPER_EXTENSION = xctest;
			};
			name = Release;
		};
/* End XCBuildConfiguration section */

/* Begin XCConfigurationList section */
		8BDB76B517819B6700DC380B /* Build configuration list for PBXProject "EqBeats" */ = {
			isa = XCConfigurationList;
			buildConfigurations = (
				8BDB76E417819B6700DC380B /* Debug */,
				8BDB76E517819B6700DC380B /* Release */,
			);
			defaultConfigurationIsVisible = 0;
			defaultConfigurationName = Release;
		};
		8BDB76E617819B6700DC380B /* Build configuration list for PBXNativeTarget "EqBeats" */ = {
			isa = XCConfigurationList;
			buildConfigurations = (
				8BDB76E717819B6700DC380B /* Debug */,
				8BDB76E817819B6700DC380B /* Release */,
			);
			defaultConfigurationIsVisible = 0;
			defaultConfigurationName = Release;
		};
		8BDB76E917819B6700DC380B /* Build configuration list for PBXNativeTarget "EqBeatsTests" */ = {
			isa = XCConfigurationList;
			buildConfigurations = (
				8BDB76EA17819B6700DC380B /* Debug */,
				8BDB76EB17819B6700DC380B /* Release */,
			);
			defaultConfigurationIsVisible = 0;
			defaultConfigurationName = Release;
		};
/* End XCConfigurationList section */

/* Begin XCVersionGroup section */
		8B8081D41782DC08008C1BA9 /* EqBeats.xcdatamodeld */ = {
			isa = XCVersionGroup;
			children = (
				8B8081D51782DC08008C1BA9 /* EqBeats.xcdatamodel */,
			);
			currentVersion = 8B8081D51782DC08008C1BA9 /* EqBeats.xcdatamodel */;
			path = EqBeats.xcdatamodeld;
			sourceTree = "<group>";
			versionGroupType = wrapper.xcdatamodel;
		};
/* End XCVersionGroup section */
	};
	rootObject = 8BDB76B217819B6700DC380B /* Project object */;
}
